// !$*UTF8*$!
{
	archiveVersion = 1;
	classes = {
	};
	objectVersion = 50;
	objects = {

/* Begin PBXBuildFile section */
		A1815F1826B0C88600065C9D /* AppleSiliconDetectorApp.swift in Sources */ = {isa = PBXBuildFile; fileRef = A1815F0526B0C88500065C9D /* AppleSiliconDetectorApp.swift */; };
		A1815F1926B0C88600065C9D /* AppleSiliconDetectorApp.swift in Sources */ = {isa = PBXBuildFile; fileRef = A1815F0526B0C88500065C9D /* AppleSiliconDetectorApp.swift */; };
		A1815F1A26B0C88600065C9D /* ContentView.swift in Sources */ = {isa = PBXBuildFile; fileRef = A1815F0626B0C88500065C9D /* ContentView.swift */; };
		A1815F1B26B0C88600065C9D /* ContentView.swift in Sources */ = {isa = PBXBuildFile; fileRef = A1815F0626B0C88500065C9D /* ContentView.swift */; };
		A1815F1C26B0C88600065C9D /* Assets.xcassets in Resources */ = {isa = PBXBuildFile; fileRef = A1815F0726B0C88600065C9D /* Assets.xcassets */; };
		A1815F1D26B0C88600065C9D /* Assets.xcassets in Resources */ = {isa = PBXBuildFile; fileRef = A1815F0726B0C88600065C9D /* Assets.xcassets */; };
		A1815F2726B0D56600065C9D /* ListView.swift in Sources */ = {isa = PBXBuildFile; fileRef = A1815F2626B0D56600065C9D /* ListView.swift */; };
		A1815F2826B0D56600065C9D /* ListView.swift in Sources */ = {isa = PBXBuildFile; fileRef = A1815F2626B0D56600065C9D /* ListView.swift */; };
/* End PBXBuildFile section */

/* Begin PBXFileReference section */
		A1815F0526B0C88500065C9D /* AppleSiliconDetectorApp.swift */ = {isa = PBXFileReference; lastKnownFileType = sourcecode.swift; path = AppleSiliconDetectorApp.swift; sourceTree = "<group>"; };
		A1815F0626B0C88500065C9D /* ContentView.swift */ = {isa = PBXFileReference; lastKnownFileType = sourcecode.swift; path = ContentView.swift; sourceTree = "<group>"; };
		A1815F0726B0C88600065C9D /* Assets.xcassets */ = {isa = PBXFileReference; lastKnownFileType = folder.assetcatalog; path = Assets.xcassets; sourceTree = "<group>"; };
		A1815F0C26B0C88600065C9D /* AppleSiliconDetector.app */ = {isa = PBXFileReference; explicitFileType = wrapper.application; includeInIndex = 0; path = AppleSiliconDetector.app; sourceTree = BUILT_PRODUCTS_DIR; };
		A1815F0F26B0C88600065C9D /* Info.plist */ = {isa = PBXFileReference; lastKnownFileType = text.plist.xml; path = Info.plist; sourceTree = "<group>"; };
		A1815F1426B0C88600065C9D /* AppleSiliconDetector.app */ = {isa = PBXFileReference; explicitFileType = wrapper.application; includeInIndex = 0; path = AppleSiliconDetector.app; sourceTree = BUILT_PRODUCTS_DIR; };
		A1815F1626B0C88600065C9D /* Info.plist */ = {isa = PBXFileReference; lastKnownFileType = text.plist.xml; path = Info.plist; sourceTree = "<group>"; };
		A1815F1726B0C88600065C9D /* macOS.entitlements */ = {isa = PBXFileReference; lastKnownFileType = text.plist.entitlements; path = macOS.entitlements; sourceTree = "<group>"; };
		A1815F2626B0D56600065C9D /* ListView.swift */ = {isa = PBXFileReference; lastKnownFileType = sourcecode.swift; path = ListView.swift; sourceTree = "<group>"; };
/* End PBXFileReference section */

/* Begin PBXFrameworksBuildPhase section */
		A1815F0926B0C88600065C9D /* Frameworks */ = {
			isa = PBXFrameworksBuildPhase;
			buildActionMask = 2147483647;
			files = (
			);
			runOnlyForDeploymentPostprocessing = 0;
		};
		A1815F1126B0C88600065C9D /* Frameworks */ = {
			isa = PBXFrameworksBuildPhase;
			buildActionMask = 2147483647;
			files = (
			);
			runOnlyForDeploymentPostprocessing = 0;
		};
/* End PBXFrameworksBuildPhase section */

/* Begin PBXGroup section */
		A1815EFF26B0C88500065C9D = {
			isa = PBXGroup;
			children = (
				A1815F0426B0C88500065C9D /* Shared */,
				A1815F0E26B0C88600065C9D /* iOS */,
				A1815F1526B0C88600065C9D /* macOS */,
				A1815F0D26B0C88600065C9D /* Products */,
			);
			sourceTree = "<group>";
		};
		A1815F0426B0C88500065C9D /* Shared */ = {
			isa = PBXGroup;
			children = (
				A1815F0526B0C88500065C9D /* AppleSiliconDetectorApp.swift */,
				A1815F0626B0C88500065C9D /* ContentView.swift */,
				A1815F0726B0C88600065C9D /* Assets.xcassets */,
				A1815F2626B0D56600065C9D /* ListView.swift */,
			);
			path = Shared;
			sourceTree = "<group>";
		};
		A1815F0D26B0C88600065C9D /* Products */ = {
			isa = PBXGroup;
			children = (
				A1815F0C26B0C88600065C9D /* AppleSiliconDetector.app */,
				A1815F1426B0C88600065C9D /* AppleSiliconDetector.app */,
			);
			name = Products;
			sourceTree = "<group>";
		};
		A1815F0E26B0C88600065C9D /* iOS */ = {
			isa = PBXGroup;
			children = (
				A1815F0F26B0C88600065C9D /* Info.plist */,
			);
			path = iOS;
			sourceTree = "<group>";
		};
		A1815F1526B0C88600065C9D /* macOS */ = {
			isa = PBXGroup;
			children = (
				A1815F1626B0C88600065C9D /* Info.plist */,
				A1815F1726B0C88600065C9D /* macOS.entitlements */,
			);
			path = macOS;
			sourceTree = "<group>";
		};
/* End PBXGroup section */

/* Begin PBXNativeTarget section */
		A1815F0B26B0C88600065C9D /* AppleSiliconDetector (iOS) */ = {
			isa = PBXNativeTarget;
			buildConfigurationList = A1815F2026B0C88600065C9D /* Build configuration list for PBXNativeTarget "AppleSiliconDetector (iOS)" */;
			buildPhases = (
				A1815F0826B0C88600065C9D /* Sources */,
				A1815F0926B0C88600065C9D /* Frameworks */,
				A1815F0A26B0C88600065C9D /* Resources */,
			);
			buildRules = (
			);
			dependencies = (
			);
			name = "AppleSiliconDetector (iOS)";
			productName = "AppleSiliconDetector (iOS)";
			productReference = A1815F0C26B0C88600065C9D /* AppleSiliconDetector.app */;
			productType = "com.apple.product-type.application";
		};
		A1815F1326B0C88600065C9D /* AppleSiliconDetector (macOS) */ = {
			isa = PBXNativeTarget;
			buildConfigurationList = A1815F2326B0C88600065C9D /* Build configuration list for PBXNativeTarget "AppleSiliconDetector (macOS)" */;
			buildPhases = (
				A1815F1026B0C88600065C9D /* Sources */,
				A1815F1126B0C88600065C9D /* Frameworks */,
				A1815F1226B0C88600065C9D /* Resources */,
			);
			buildRules = (
			);
			dependencies = (
			);
			name = "AppleSiliconDetector (macOS)";
			productName = "AppleSiliconDetector (macOS)";
			productReference = A1815F1426B0C88600065C9D /* AppleSiliconDetector.app */;
			productType = "com.apple.product-type.application";
		};
/* End PBXNativeTarget section */

/* Begin PBXProject section */
		A1815F0026B0C88500065C9D /* Project object */ = {
			isa = PBXProject;
			attributes = {
				LastSwiftUpdateCheck = 1250;
				LastUpgradeCheck = 1250;
				TargetAttributes = {
					A1815F0B26B0C88600065C9D = {
						CreatedOnToolsVersion = 12.5.1;
					};
					A1815F1326B0C88600065C9D = {
						CreatedOnToolsVersion = 12.5.1;
					};
				};
			};
			buildConfigurationList = A1815F0326B0C88500065C9D /* Build configuration list for PBXProject "AppleSiliconDetector" */;
			compatibilityVersion = "Xcode 9.3";
			developmentRegion = en;
			hasScannedForEncodings = 0;
			knownRegions = (
				en,
				Base,
			);
			mainGroup = A1815EFF26B0C88500065C9D;
			productRefGroup = A1815F0D26B0C88600065C9D /* Products */;
			projectDirPath = "";
			projectRoot = "";
			targets = (
				A1815F0B26B0C88600065C9D /* AppleSiliconDetector (iOS) */,
				A1815F1326B0C88600065C9D /* AppleSiliconDetector (macOS) */,
			);
		};
/* End PBXProject section */

/* Begin PBXResourcesBuildPhase section */
		A1815F0A26B0C88600065C9D /* Resources */ = {
			isa = PBXResourcesBuildPhase;
			buildActionMask = 2147483647;
			files = (
				A1815F1C26B0C88600065C9D /* Assets.xcassets in Resources */,
			);
			runOnlyForDeploymentPostprocessing = 0;
		};
		A1815F1226B0C88600065C9D /* Resources */ = {
			isa = PBXResourcesBuildPhase;
			buildActionMask = 2147483647;
			files = (
				A1815F1D26B0C88600065C9D /* Assets.xcassets in Resources */,
			);
			runOnlyForDeploymentPostprocessing = 0;
		};
/* End PBXResourcesBuildPhase section */

/* Begin PBXSourcesBuildPhase section */
		A1815F0826B0C88600065C9D /* Sources */ = {
			isa = PBXSourcesBuildPhase;
			buildActionMask = 2147483647;
			files = (
				A1815F1A26B0C88600065C9D /* ContentView.swift in Sources */,
				A1815F1826B0C88600065C9D /* AppleSiliconDetectorApp.swift in Sources */,
				A1815F2726B0D56600065C9D /* ListView.swift in Sources */,
			);
			runOnlyForDeploymentPostprocessing = 0;
		};
		A1815F1026B0C88600065C9D /* Sources */ = {
			isa = PBXSourcesBuildPhase;
			buildActionMask = 2147483647;
			files = (
				A1815F1B26B0C88600065C9D /* ContentView.swift in Sources */,
				A1815F1926B0C88600065C9D /* AppleSiliconDetectorApp.swift in Sources */,
				A1815F2826B0D56600065C9D /* ListView.swift in Sources */,
			);
			runOnlyForDeploymentPostprocessing = 0;
		};
/* End PBXSourcesBuildPhase section */

/* Begin XCBuildConfiguration section */
		A1815F1E26B0C88600065C9D /* Debug */ = {
			isa = XCBuildConfiguration;
			buildSettings = {
				ALWAYS_SEARCH_USER_PATHS = NO;
				CLANG_ANALYZER_NONNULL = YES;
				CLANG_ANALYZER_NUMBER_OBJECT_CONVERSION = YES_AGGRESSIVE;
				CLANG_CXX_LANGUAGE_STANDARD = "gnu++14";
				CLANG_CXX_LIBRARY = "libc++";
				CLANG_ENABLE_MODULES = YES;
				CLANG_ENABLE_OBJC_ARC = YES;
				CLANG_ENABLE_OBJC_WEAK = YES;
				CLANG_WARN_BLOCK_CAPTURE_AUTORELEASING = YES;
				CLANG_WARN_BOOL_CONVERSION = YES;
				CLANG_WARN_COMMA = YES;
				CLANG_WARN_CONSTANT_CONVERSION = YES;
				CLANG_WARN_DEPRECATED_OBJC_IMPLEMENTATIONS = YES;
				CLANG_WARN_DIRECT_OBJC_ISA_USAGE = YES_ERROR;
				CLANG_WARN_DOCUMENTATION_COMMENTS = YES;
				CLANG_WARN_EMPTY_BODY = YES;
				CLANG_WARN_ENUM_CONVERSION = YES;
				CLANG_WARN_INFINITE_RECURSION = YES;
				CLANG_WARN_INT_CONVERSION = YES;
				CLANG_WARN_NON_LITERAL_NULL_CONVERSION = YES;
				CLANG_WARN_OBJC_IMPLICIT_RETAIN_SELF = YES;
				CLANG_WARN_OBJC_LITERAL_CONVERSION = YES;
				CLANG_WARN_OBJC_ROOT_CLASS = YES_ERROR;
				CLANG_WARN_QUOTED_INCLUDE_IN_FRAMEWORK_HEADER = YES;
				CLANG_WARN_RANGE_LOOP_ANALYSIS = YES;
				CLANG_WARN_STRICT_PROTOTYPES = YES;
				CLANG_WARN_SUSPICIOUS_MOVE = YES;
				CLANG_WARN_UNGUARDED_AVAILABILITY = YES_AGGRESSIVE;
				CLANG_WARN_UNREACHABLE_CODE = YES;
				CLANG_WARN__DUPLICATE_METHOD_MATCH = YES;
				COPY_PHASE_STRIP = NO;
				DEBUG_INFORMATION_FORMAT = dwarf;
				ENABLE_STRICT_OBJC_MSGSEND = YES;
				ENABLE_TESTABILITY = YES;
				GCC_C_LANGUAGE_STANDARD = gnu11;
				GCC_DYNAMIC_NO_PIC = NO;
				GCC_NO_COMMON_BLOCKS = YES;
				GCC_OPTIMIZATION_LEVEL = 0;
				GCC_PREPROCESSOR_DEFINITIONS = (
					"DEBUG=1",
					"$(inherited)",
				);
				GCC_WARN_64_TO_32_BIT_CONVERSION = YES;
				GCC_WARN_ABOUT_RETURN_TYPE = YES_ERROR;
				GCC_WARN_UNDECLARED_SELECTOR = YES;
				GCC_WARN_UNINITIALIZED_AUTOS = YES_AGGRESSIVE;
				GCC_WARN_UNUSED_FUNCTION = YES;
				GCC_WARN_UNUSED_VARIABLE = YES;
				MACOSX_DEPLOYMENT_TARGET = 10.9;
				MTL_ENABLE_DEBUG_INFO = INCLUDE_SOURCE;
				MTL_FAST_MATH = YES;
				ONLY_ACTIVE_ARCH = YES;
				SWIFT_ACTIVE_COMPILATION_CONDITIONS = DEBUG;
				SWIFT_OPTIMIZATION_LEVEL = "-Onone";
			};
			name = Debug;
		};
		A1815F1F26B0C88600065C9D /* Release */ = {
			isa = XCBuildConfiguration;
			buildSettings = {
				ALWAYS_SEARCH_USER_PATHS = NO;
				CLANG_ANALYZER_NONNULL = YES;
				CLANG_ANALYZER_NUMBER_OBJECT_CONVERSION = YES_AGGRESSIVE;
				CLANG_CXX_LANGUAGE_STANDARD = "gnu++14";
				CLANG_CXX_LIBRARY = "libc++";
				CLANG_ENABLE_MODULES = YES;
				CLANG_ENABLE_OBJC_ARC = YES;
				CLANG_ENABLE_OBJC_WEAK = YES;
				CLANG_WARN_BLOCK_CAPTURE_AUTORELEASING = YES;
				CLANG_WARN_BOOL_CONVERSION = YES;
				CLANG_WARN_COMMA = YES;
				CLANG_WARN_CONSTANT_CONVERSION = YES;
				CLANG_WARN_DEPRECATED_OBJC_IMPLEMENTATIONS = YES;
				CLANG_WARN_DIRECT_OBJC_ISA_USAGE = YES_ERROR;
				CLANG_WARN_DOCUMENTATION_COMMENTS = YES;
				CLANG_WARN_EMPTY_BODY = YES;
				CLANG_WARN_ENUM_CONVERSION = YES;
				CLANG_WARN_INFINITE_RECURSION = YES;
				CLANG_WARN_INT_CONVERSION = YES;
				CLANG_WARN_NON_LITERAL_NULL_CONVERSION = YES;
				CLANG_WARN_OBJC_IMPLICIT_RETAIN_SELF = YES;
				CLANG_WARN_OBJC_LITERAL_CONVERSION = YES;
				CLANG_WARN_OBJC_ROOT_CLASS = YES_ERROR;
				CLANG_WARN_QUOTED_INCLUDE_IN_FRAMEWORK_HEADER = YES;
				CLANG_WARN_RANGE_LOOP_ANALYSIS = YES;
				CLANG_WARN_STRICT_PROTOTYPES = YES;
				CLANG_WARN_SUSPICIOUS_MOVE = YES;
				CLANG_WARN_UNGUARDED_AVAILABILITY = YES_AGGRESSIVE;
				CLANG_WARN_UNREACHABLE_CODE = YES;
				CLANG_WARN__DUPLICATE_METHOD_MATCH = YES;
				COPY_PHASE_STRIP = NO;
				DEBUG_INFORMATION_FORMAT = "dwarf-with-dsym";
				ENABLE_NS_ASSERTIONS = NO;
				ENABLE_STRICT_OBJC_MSGSEND = YES;
				GCC_C_LANGUAGE_STANDARD = gnu11;
				GCC_NO_COMMON_BLOCKS = YES;
				GCC_WARN_64_TO_32_BIT_CONVERSION = YES;
				GCC_WARN_ABOUT_RETURN_TYPE = YES_ERROR;
				GCC_WARN_UNDECLARED_SELECTOR = YES;
				GCC_WARN_UNINITIALIZED_AUTOS = YES_AGGRESSIVE;
				GCC_WARN_UNUSED_FUNCTION = YES;
				GCC_WARN_UNUSED_VARIABLE = YES;
				MACOSX_DEPLOYMENT_TARGET = 10.9;
				MTL_ENABLE_DEBUG_INFO = NO;
				MTL_FAST_MATH = YES;
				SWIFT_COMPILATION_MODE = wholemodule;
				SWIFT_OPTIMIZATION_LEVEL = "-O";
			};
			name = Release;
		};
		A1815F2126B0C88600065C9D /* Debug */ = {
			isa = XCBuildConfiguration;
			buildSettings = {
				ASSETCATALOG_COMPILER_APPICON_NAME = AppIcon;
				ASSETCATALOG_COMPILER_GLOBAL_ACCENT_COLOR_NAME = AccentColor;
				CODE_SIGN_STYLE = Automatic;
				DEVELOPMENT_TEAM = 96G62Z6DTS;
				ENABLE_PREVIEWS = YES;
				INFOPLIST_FILE = iOS/Info.plist;
				IPHONEOS_DEPLOYMENT_TARGET = 14.0;
				LD_RUNPATH_SEARCH_PATHS = (
					"$(inherited)",
					"@executable_path/Frameworks",
				);
				PRODUCT_BUNDLE_IDENTIFIER = ai.cuely.AppleSiliconDetector;
				PRODUCT_NAME = AppleSiliconDetector;
				SDKROOT = iphoneos;
				SWIFT_VERSION = 5.0;
				TARGETED_DEVICE_FAMILY = "1,2";
			};
			name = Debug;
		};
		A1815F2226B0C88600065C9D /* Release */ = {
			isa = XCBuildConfiguration;
			buildSettings = {
				ASSETCATALOG_COMPILER_APPICON_NAME = AppIcon;
				ASSETCATALOG_COMPILER_GLOBAL_ACCENT_COLOR_NAME = AccentColor;
				CODE_SIGN_STYLE = Automatic;
				DEVELOPMENT_TEAM = 96G62Z6DTS;
				ENABLE_PREVIEWS = YES;
				INFOPLIST_FILE = iOS/Info.plist;
				IPHONEOS_DEPLOYMENT_TARGET = 14.0;
				LD_RUNPATH_SEARCH_PATHS = (
					"$(inherited)",
					"@executable_path/Frameworks",
				);
				PRODUCT_BUNDLE_IDENTIFIER = ai.cuely.AppleSiliconDetector;
				PRODUCT_NAME = AppleSiliconDetector;
				SDKROOT = iphoneos;
				SWIFT_VERSION = 5.0;
				TARGETED_DEVICE_FAMILY = "1,2";
				VALIDATE_PRODUCT = YES;
			};
			name = Release;
		};
		A1815F2426B0C88600065C9D /* Debug */ = {
			isa = XCBuildConfiguration;
			buildSettings = {
				ASSETCATALOG_COMPILER_APPICON_NAME = AppIcon;
				ASSETCATALOG_COMPILER_GLOBAL_ACCENT_COLOR_NAME = AccentColor;
				CODE_SIGN_ENTITLEMENTS = macOS/macOS.entitlements;
				CODE_SIGN_STYLE = Automatic;
				COMBINE_HIDPI_IMAGES = YES;
				DEVELOPMENT_TEAM = 96G62Z6DTS;
				ENABLE_HARDENED_RUNTIME = YES;
				ENABLE_PREVIEWS = YES;
				INFOPLIST_FILE = macOS/Info.plist;
				LD_RUNPATH_SEARCH_PATHS = (
					"$(inherited)",
					"@executable_path/../Frameworks",
				);
				MACOSX_DEPLOYMENT_TARGET = 11.0;
				PRODUCT_BUNDLE_IDENTIFIER = ai.cuely.AppleSiliconDetector;
				PRODUCT_NAME = AppleSiliconDetector;
				SDKROOT = macosx;
				SWIFT_VERSION = 5.0;
			};
			name = Debug;
		};
		A1815F2526B0C88600065C9D /* Release */ = {
			isa = XCBuildConfiguration;
			buildSettings = {
				ASSETCATALOG_COMPILER_APPICON_NAME = AppIcon;
				ASSETCATALOG_COMPILER_GLOBAL_ACCENT_COLOR_NAME = AccentColor;
				CODE_SIGN_ENTITLEMENTS = macOS/macOS.entitlements;
				CODE_SIGN_STYLE = Automatic;
				COMBINE_HIDPI_IMAGES = YES;
				DEVELOPMENT_TEAM = 96G62Z6DTS;
				ENABLE_HARDENED_RUNTIME = YES;
				ENABLE_PREVIEWS = YES;
				INFOPLIST_FILE = macOS/Info.plist;
				LD_RUNPATH_SEARCH_PATHS = (
					"$(inherited)",
					"@executable_path/../Frameworks",
				);
				MACOSX_DEPLOYMENT_TARGET = 11.0;
				PRODUCT_BUNDLE_IDENTIFIER = ai.cuely.AppleSiliconDetector;
				PRODUCT_NAME = AppleSiliconDetector;
				SDKROOT = macosx;
				SWIFT_VERSION = 5.0;
			};
			name = Release;
		};
/* End XCBuildConfiguration section */

/* Begin XCConfigurationList section */
		A1815F0326B0C88500065C9D /* Build configuration list for PBXProject "AppleSiliconDetector" */ = {
			isa = XCConfigurationList;
			buildConfigurations = (
				A1815F1E26B0C88600065C9D /* Debug */,
				A1815F1F26B0C88600065C9D /* Release */,
			);
			defaultConfigurationIsVisible = 0;
			defaultConfigurationName = Release;
		};
		A1815F2026B0C88600065C9D /* Build configuration list for PBXNativeTarget "AppleSiliconDetector (iOS)" */ = {
			isa = XCConfigurationList;
			buildConfigurations = (
				A1815F2126B0C88600065C9D /* Debug */,
				A1815F2226B0C88600065C9D /* Release */,
			);
			defaultConfigurationIsVisible = 0;
			defaultConfigurationName = Release;
		};
		A1815F2326B0C88600065C9D /* Build configuration list for PBXNativeTarget "AppleSiliconDetector (macOS)" */ = {
			isa = XCConfigurationList;
			buildConfigurations = (
				A1815F2426B0C88600065C9D /* Debug */,
				A1815F2526B0C88600065C9D /* Release */,
			);
			defaultConfigurationIsVisible = 0;
			defaultConfigurationName = Release;
		};
/* End XCConfigurationList section */
	};
	rootObject = A1815F0026B0C88500065C9D /* Project object */;
}
